Microsoft Visual Studio Solution File, Format Version 7.00
Project("{FAE04EC0-301F-11D3-BF4B-00C04F79EFBC}") = "SharpCvsLib", "SharpCvsLib.csproj", "{B420A3A2-DB67-4C4A-99DE-5577C4C04B3F}"
EndProject
Project("{FAE04EC0-301F-11D3-BF4B-00C04F79EFBC}") = "SharpCvsLib.Console", "SharpCvsLib.Console.csproj", "{B420A3A2-DB67-4C4A-99DE-5577C4C04B3F}"
EndProject
Project("{FAE04EC0-301F-11D3-BF4B-00C04F79EFBC}") = "SharpCvsLib.Tests", "SharpCvsLib.Tests.csproj", "{B420A3A2-DB67-4C4A-99DE-5577C4C04B3F}"
EndProject
Global
	GlobalSection(SolutionConfiguration) = preSolution
		ConfigName.0 = Debug
		ConfigName.1 = Release
	EndGlobalSection
	GlobalSection(ProjectDependencies) = postSolution
	EndGlobalSection
	GlobalSection(ProjectConfiguration) = postSolution
		{B420A3A2-DB67-4C4A-99DE-5577C4C04B3F}.Debug.ActiveCfg = Debug|.NET
		{B420A3A2-DB67-4C4A-99DE-5577C4C04B3F}.Debug.Build.0 = Debug|.NET
		{B420A3A2-DB67-4C4A-99DE-5577C4C04B3F}.Release.ActiveCfg = Release|.NET
		{B420A3A2-DB67-4C4A-99DE-5577C4C04B3F}.Release.Build.0 = Release|.NET
		{B420A3A2-DB67-4C4A-99DE-5577C4C04B3F}.Debug.ActiveCfg = Debug|.NET
		{B420A3A2-DB67-4C4A-99DE-5577C4C04B3F}.Debug.Build.0 = Debug|.NET
		{B420A3A2-DB67-4C4A-99DE-5577C4C04B3F}.Release.ActiveCfg = Release|.NET
		{B420A3A2-DB67-4C4A-99DE-5577C4C04B3F}.Release.Build.0 = Release|.NET
		{B420A3A2-DB67-4C4A-99DE-5577C4C04B3F}.Debug.ActiveCfg = Debug|.NET
		{B420A3A2-DB67-4C4A-99DE-5577C4C04B3F}.Debug.Build.0 = Debug|.NET
		{B420A3A2-DB67-4C4A-99DE-5577C4C04B3F}.Release.ActiveCfg = Release|.NET
		{B420A3A2-DB67-4C4A-99DE-5577C4C04B3F}.Release.Build.0 = Release|.NET
	EndGlobalSection
	GlobalSection(ExtensibilityGlobals) = postSolution
	EndGlobalSection
	GlobalSection(ExtensibilityAddIns) = postSolution
	EndGlobalSection
EndGlobal
